
Microsoft Visual Studio Solution File, Format Version 12.00
# Visual Studio Version 16
VisualStudioVersion = 16.0.29519.181
MinimumVisualStudioVersion = 10.0.40219.1
Project("{2150E333-8FDC-42A3-9474-1A3956D46DE8}") = "S1.Dapper Execute", "S1.Dapper Execute", "{2FAA866B-1E98-4CB1-9517-6FE6ED827603}"
EndProject
Project("{FAE04EC0-301F-11D3-BF4B-00C04F79EFBC}") = "01-Execute", "01-Execute\01-Execute.csproj", "{8D2124A8-A962-474C-9CEF-73A8F977EA49}"
EndProject
Project("{2150E333-8FDC-42A3-9474-1A3956D46DE8}") = "S2.Dapper Execute Many", "S2.Dapper Execute Many", "{A87AA0C7-A179-4D48-8097-46E71606DB48}"
EndProject
Project("{FAE04EC0-301F-11D3-BF4B-00C04F79EFBC}") = "02-Execute Many", "02-Execute Many\02-Execute Many.csproj", "{565E027B-9A93-44B0-932B-306FFD637D0B}"
EndProject
Project("{2150E333-8FDC-42A3-9474-1A3956D46DE8}") = "00-Entity", "00-Entity", "{3228CF24-CFC4-4AB0-9A0B-88F2A8287EC6}"
EndProject
Project("{9A19103F-16F7-4668-BE54-9A1E7A4F7556}") = "Entity", "Entity\Entity.csproj", "{7D1F7783-6640-4754-9B7D-BAC713939384}"
EndProject
Project("{2150E333-8FDC-42A3-9474-1A3956D46DE8}") = "S3-Dapper Execute Reader", "S3-Dapper Execute Reader", "{D291D5E5-FE23-4ADB-B51E-9B346401A3B2}"
EndProject
Project("{FAE04EC0-301F-11D3-BF4B-00C04F79EFBC}") = "03-Execute Reader", "03-Execute Reader\03-Execute Reader.csproj", "{A4621ED2-2701-4C79-A98B-5DB8D50DD8FD}"
EndProject
Project("{2150E333-8FDC-42A3-9474-1A3956D46DE8}") = "S4-Dapper Execute Scalar", "S4-Dapper Execute Scalar", "{274C7CE2-513B-4807-9CC1-DE50C3788240}"
EndProject
Project("{FAE04EC0-301F-11D3-BF4B-00C04F79EFBC}") = "04-Execute Scalar", "04-Execute Scalar\04-Execute Scalar.csproj", "{DE03273C-6D49-4A3E-BDD9-E1274C08F8AF}"
EndProject
Project("{2150E333-8FDC-42A3-9474-1A3956D46DE8}") = "S5-Dapper Query", "S5-Dapper Query", "{78B43186-6607-44FF-B39E-6FB3DD43841C}"
EndProject
Project("{FAE04EC0-301F-11D3-BF4B-00C04F79EFBC}") = "05-Query", "05-Query\05-Query.csproj", "{179404F6-3511-4BC6-A8C6-316BAD95E2E3}"
EndProject
Project("{2150E333-8FDC-42A3-9474-1A3956D46DE8}") = "S6-Dapper QueryFirst and QueryFirstOrDefult", "S6-Dapper QueryFirst and QueryFirstOrDefult", "{26693EEC-333D-4B02-B4D7-51764201F3CA}"
EndProject
Project("{FAE04EC0-301F-11D3-BF4B-00C04F79EFBC}") = "06-QueryFirst and QueryFirstOrDefult", "06-QueryFirst and QueryFirstOrDefult\06-QueryFirst and QueryFirstOrDefult.csproj", "{F9D912FC-DCE1-4B86-BF37-78065AFC7302}"
EndProject
Project("{2150E333-8FDC-42A3-9474-1A3956D46DE8}") = "S7-Dapper QuerySingle And QuerySingleOrDefault", "S7-Dapper QuerySingle And QuerySingleOrDefault", "{C9C5E87A-93DF-4B8C-94E8-0B71AF751631}"
EndProject
Project("{FAE04EC0-301F-11D3-BF4B-00C04F79EFBC}") = "07-QuerySingle and QuerySingleOrDefault", "07-QuerySingle and QuerySingleOrDefault\07-QuerySingle and QuerySingleOrDefault.csproj", "{338DFC8C-351E-4660-B567-1D8293CCC096}"
EndProject
Project("{2150E333-8FDC-42A3-9474-1A3956D46DE8}") = "S8-Dapper QueryMultiple", "S8-Dapper QueryMultiple", "{9880E614-E827-49AE-AA8D-D44A2F57DC28}"
EndProject
Project("{FAE04EC0-301F-11D3-BF4B-00C04F79EFBC}") = "08-QueryMultiple", "08-QueryMultiple\08-QueryMultiple.csproj", "{3C4A6D76-FB82-46F1-9FA2-783CE91FBB4E}"
EndProject
Project("{2150E333-8FDC-42A3-9474-1A3956D46DE8}") = "S9-Dapper in Asp.Net Core", "S9-Dapper in Asp.Net Core", "{D233FF63-A40C-4562-939C-2545480721A3}"
EndProject
Project("{9A19103F-16F7-4668-BE54-9A1E7A4F7556}") = "Dapper in Asp.Net Core", "Dapper in Asp.Net Core\Dapper in Asp.Net Core.csproj", "{E6600B9F-26AF-4DC7-9C7A-B7D84EDB2E89}"
EndProject
Project("{2150E333-8FDC-42A3-9474-1A3956D46DE8}") = "S10-Final Project", "S10-Final Project", "{1546F515-0115-4E9C-A591-EB13DFE6BAD3}"
EndProject
Project("{9A19103F-16F7-4668-BE54-9A1E7A4F7556}") = "FinalProject.Entity", "FinalProject.Entity\FinalProject.Entity.csproj", "{B350B301-E557-4C8F-A062-54B469EEDDED}"
EndProject
Project("{9A19103F-16F7-4668-BE54-9A1E7A4F7556}") = "FinalProject.Constract", "FinalProject.Constract\FinalProject.Constract.csproj", "{DEC12E74-E926-4F44-8862-842BCB5B8233}"
EndProject
Project("{9A19103F-16F7-4668-BE54-9A1E7A4F7556}") = "FinalProject.RepositoryDapper", "FinalProject.RepositoryDapper\FinalProject.RepositoryDapper.csproj", "{13430A50-339E-4AA2-99CA-EBF308C02191}"
EndProject
Project("{9A19103F-16F7-4668-BE54-9A1E7A4F7556}") = "FinalProject.Comman", "FinalProject.Comman\FinalProject.Comman.csproj", "{4B8015D4-7189-473F-B3D6-5C7318BB7933}"
EndProject
Project("{9A19103F-16F7-4668-BE54-9A1E7A4F7556}") = "FinalProject.WebApi", "FinalProject.WebApi\FinalProject.WebApi.csproj", "{AD784C36-B144-4C0A-AA93-5408BFDC86F1}"
EndProject
Project("{2150E333-8FDC-42A3-9474-1A3956D46DE8}") = "11-Dapper ExecuteReader SP", "11-Dapper ExecuteReader SP", "{492178EE-C073-4F61-BEAA-4D591DFCAA7C}"
EndProject
Project("{FAE04EC0-301F-11D3-BF4B-00C04F79EFBC}") = "Dapper ExecuteReader SP", "Dapper ExecuteReader SP\Dapper ExecuteReader SP.csproj", "{FE45C4E5-879D-4E4D-8D14-03501FFA1C56}"
EndProject
Global
	GlobalSection(SolutionConfigurationPlatforms) = preSolution
		Debug|Any CPU = Debug|Any CPU
		Release|Any CPU = Release|Any CPU
	EndGlobalSection
	GlobalSection(ProjectConfigurationPlatforms) = postSolution
		{8D2124A8-A962-474C-9CEF-73A8F977EA49}.Debug|Any CPU.ActiveCfg = Debug|Any CPU
		{8D2124A8-A962-474C-9CEF-73A8F977EA49}.Debug|Any CPU.Build.0 = Debug|Any CPU
		{8D2124A8-A962-474C-9CEF-73A8F977EA49}.Release|Any CPU.ActiveCfg = Release|Any CPU
		{8D2124A8-A962-474C-9CEF-73A8F977EA49}.Release|Any CPU.Build.0 = Release|Any CPU
		{565E027B-9A93-44B0-932B-306FFD637D0B}.Debug|Any CPU.ActiveCfg = Debug|Any CPU
		{565E027B-9A93-44B0-932B-306FFD637D0B}.Debug|Any CPU.Build.0 = Debug|Any CPU
		{565E027B-9A93-44B0-932B-306FFD637D0B}.Release|Any CPU.ActiveCfg = Release|Any CPU
		{565E027B-9A93-44B0-932B-306FFD637D0B}.Release|Any CPU.Build.0 = Release|Any CPU
		{7D1F7783-6640-4754-9B7D-BAC713939384}.Debug|Any CPU.ActiveCfg = Debug|Any CPU
		{7D1F7783-6640-4754-9B7D-BAC713939384}.Debug|Any CPU.Build.0 = Debug|Any CPU
		{7D1F7783-6640-4754-9B7D-BAC713939384}.Release|Any CPU.ActiveCfg = Release|Any CPU
		{7D1F7783-6640-4754-9B7D-BAC713939384}.Release|Any CPU.Build.0 = Release|Any CPU
		{A4621ED2-2701-4C79-A98B-5DB8D50DD8FD}.Debug|Any CPU.ActiveCfg = Debug|Any CPU
		{A4621ED2-2701-4C79-A98B-5DB8D50DD8FD}.Debug|Any CPU.Build.0 = Debug|Any CPU
		{A4621ED2-2701-4C79-A98B-5DB8D50DD8FD}.Release|Any CPU.ActiveCfg = Release|Any CPU
		{A4621ED2-2701-4C79-A98B-5DB8D50DD8FD}.Release|Any CPU.Build.0 = Release|Any CPU
		{DE03273C-6D49-4A3E-BDD9-E1274C08F8AF}.Debug|Any CPU.ActiveCfg = Debug|Any CPU
		{DE03273C-6D49-4A3E-BDD9-E1274C08F8AF}.Debug|Any CPU.Build.0 = Debug|Any CPU
		{DE03273C-6D49-4A3E-BDD9-E1274C08F8AF}.Release|Any CPU.ActiveCfg = Release|Any CPU
		{DE03273C-6D49-4A3E-BDD9-E1274C08F8AF}.Release|Any CPU.Build.0 = Release|Any CPU
		{179404F6-3511-4BC6-A8C6-316BAD95E2E3}.Debug|Any CPU.ActiveCfg = Debug|Any CPU
		{179404F6-3511-4BC6-A8C6-316BAD95E2E3}.Debug|Any CPU.Build.0 = Debug|Any CPU
		{179404F6-3511-4BC6-A8C6-316BAD95E2E3}.Release|Any CPU.ActiveCfg = Release|Any CPU
		{179404F6-3511-4BC6-A8C6-316BAD95E2E3}.Release|Any CPU.Build.0 = Release|Any CPU
		{F9D912FC-DCE1-4B86-BF37-78065AFC7302}.Debug|Any CPU.ActiveCfg = Debug|Any CPU
		{F9D912FC-DCE1-4B86-BF37-78065AFC7302}.Debug|Any CPU.Build.0 = Debug|Any CPU
		{F9D912FC-DCE1-4B86-BF37-78065AFC7302}.Release|Any CPU.ActiveCfg = Release|Any CPU
		{F9D912FC-DCE1-4B86-BF37-78065AFC7302}.Release|Any CPU.Build.0 = Release|Any CPU
		{338DFC8C-351E-4660-B567-1D8293CCC096}.Debug|Any CPU.ActiveCfg = Debug|Any CPU
		{338DFC8C-351E-4660-B567-1D8293CCC096}.Debug|Any CPU.Build.0 = Debug|Any CPU
		{338DFC8C-351E-4660-B567-1D8293CCC096}.Release|Any CPU.ActiveCfg = Release|Any CPU
		{338DFC8C-351E-4660-B567-1D8293CCC096}.Release|Any CPU.Build.0 = Release|Any CPU
		{3C4A6D76-FB82-46F1-9FA2-783CE91FBB4E}.Debug|Any CPU.ActiveCfg = Debug|Any CPU
		{3C4A6D76-FB82-46F1-9FA2-783CE91FBB4E}.Debug|Any CPU.Build.0 = Debug|Any CPU
		{3C4A6D76-FB82-46F1-9FA2-783CE91FBB4E}.Release|Any CPU.ActiveCfg = Release|Any CPU
		{3C4A6D76-FB82-46F1-9FA2-783CE91FBB4E}.Release|Any CPU.Build.0 = Release|Any CPU
		{E6600B9F-26AF-4DC7-9C7A-B7D84EDB2E89}.Debug|Any CPU.ActiveCfg = Debug|Any CPU
		{E6600B9F-26AF-4DC7-9C7A-B7D84EDB2E89}.Debug|Any CPU.Build.0 = Debug|Any CPU
		{E6600B9F-26AF-4DC7-9C7A-B7D84EDB2E89}.Release|Any CPU.ActiveCfg = Release|Any CPU
		{E6600B9F-26AF-4DC7-9C7A-B7D84EDB2E89}.Release|Any CPU.Build.0 = Release|Any CPU
		{B350B301-E557-4C8F-A062-54B469EEDDED}.Debug|Any CPU.ActiveCfg = Debug|Any CPU
		{B350B301-E557-4C8F-A062-54B469EEDDED}.Debug|Any CPU.Build.0 = Debug|Any CPU
		{B350B301-E557-4C8F-A062-54B469EEDDED}.Release|Any CPU.ActiveCfg = Release|Any CPU
		{B350B301-E557-4C8F-A062-54B469EEDDED}.Release|Any CPU.Build.0 = Release|Any CPU
		{DEC12E74-E926-4F44-8862-842BCB5B8233}.Debug|Any CPU.ActiveCfg = Debug|Any CPU
		{DEC12E74-E926-4F44-8862-842BCB5B8233}.Debug|Any CPU.Build.0 = Debug|Any CPU
		{DEC12E74-E926-4F44-8862-842BCB5B8233}.Release|Any CPU.ActiveCfg = Release|Any CPU
		{DEC12E74-E926-4F44-8862-842BCB5B8233}.Release|Any CPU.Build.0 = Release|Any CPU
		{13430A50-339E-4AA2-99CA-EBF308C02191}.Debug|Any CPU.ActiveCfg = Debug|Any CPU
		{13430A50-339E-4AA2-99CA-EBF308C02191}.Debug|Any CPU.Build.0 = Debug|Any CPU
		{13430A50-339E-4AA2-99CA-EBF308C02191}.Release|Any CPU.ActiveCfg = Release|Any CPU
		{13430A50-339E-4AA2-99CA-EBF308C02191}.Release|Any CPU.Build.0 = Release|Any CPU
		{4B8015D4-7189-473F-B3D6-5C7318BB7933}.Debug|Any CPU.ActiveCfg = Debug|Any CPU
		{4B8015D4-7189-473F-B3D6-5C7318BB7933}.Debug|Any CPU.Build.0 = Debug|Any CPU
		{4B8015D4-7189-473F-B3D6-5C7318BB7933}.Release|Any CPU.ActiveCfg = Release|Any CPU
		{4B8015D4-7189-473F-B3D6-5C7318BB7933}.Release|Any CPU.Build.0 = Release|Any CPU
		{AD784C36-B144-4C0A-AA93-5408BFDC86F1}.Debug|Any CPU.ActiveCfg = Debug|Any CPU
		{AD784C36-B144-4C0A-AA93-5408BFDC86F1}.Debug|Any CPU.Build.0 = Debug|Any CPU
		{AD784C36-B144-4C0A-AA93-5408BFDC86F1}.Release|Any CPU.ActiveCfg = Release|Any CPU
		{AD784C36-B144-4C0A-AA93-5408BFDC86F1}.Release|Any CPU.Build.0 = Release|Any CPU
		{FE45C4E5-879D-4E4D-8D14-03501FFA1C56}.Debug|Any CPU.ActiveCfg = Debug|Any CPU
		{FE45C4E5-879D-4E4D-8D14-03501FFA1C56}.Debug|Any CPU.Build.0 = Debug|Any CPU
		{FE45C4E5-879D-4E4D-8D14-03501FFA1C56}.Release|Any CPU.ActiveCfg = Release|Any CPU
		{FE45C4E5-879D-4E4D-8D14-03501FFA1C56}.Release|Any CPU.Build.0 = Release|Any CPU
	EndGlobalSection
	GlobalSection(SolutionProperties) = preSolution
		HideSolutionNode = FALSE
	EndGlobalSection
	GlobalSection(NestedProjects) = preSolution
		{8D2124A8-A962-474C-9CEF-73A8F977EA49} = {2FAA866B-1E98-4CB1-9517-6FE6ED827603}
		{565E027B-9A93-44B0-932B-306FFD637D0B} = {A87AA0C7-A179-4D48-8097-46E71606DB48}
		{7D1F7783-6640-4754-9B7D-BAC713939384} = {3228CF24-CFC4-4AB0-9A0B-88F2A8287EC6}
		{A4621ED2-2701-4C79-A98B-5DB8D50DD8FD} = {D291D5E5-FE23-4ADB-B51E-9B346401A3B2}
		{DE03273C-6D49-4A3E-BDD9-E1274C08F8AF} = {274C7CE2-513B-4807-9CC1-DE50C3788240}
		{179404F6-3511-4BC6-A8C6-316BAD95E2E3} = {78B43186-6607-44FF-B39E-6FB3DD43841C}
		{F9D912FC-DCE1-4B86-BF37-78065AFC7302} = {26693EEC-333D-4B02-B4D7-51764201F3CA}
		{338DFC8C-351E-4660-B567-1D8293CCC096} = {C9C5E87A-93DF-4B8C-94E8-0B71AF751631}
		{3C4A6D76-FB82-46F1-9FA2-783CE91FBB4E} = {9880E614-E827-49AE-AA8D-D44A2F57DC28}
		{E6600B9F-26AF-4DC7-9C7A-B7D84EDB2E89} = {D233FF63-A40C-4562-939C-2545480721A3}
		{B350B301-E557-4C8F-A062-54B469EEDDED} = {1546F515-0115-4E9C-A591-EB13DFE6BAD3}
		{DEC12E74-E926-4F44-8862-842BCB5B8233} = {1546F515-0115-4E9C-A591-EB13DFE6BAD3}
		{13430A50-339E-4AA2-99CA-EBF308C02191} = {1546F515-0115-4E9C-A591-EB13DFE6BAD3}
		{4B8015D4-7189-473F-B3D6-5C7318BB7933} = {1546F515-0115-4E9C-A591-EB13DFE6BAD3}
		{AD784C36-B144-4C0A-AA93-5408BFDC86F1} = {1546F515-0115-4E9C-A591-EB13DFE6BAD3}
		{FE45C4E5-879D-4E4D-8D14-03501FFA1C56} = {492178EE-C073-4F61-BEAA-4D591DFCAA7C}
	EndGlobalSection
	GlobalSection(ExtensibilityGlobals) = postSolution
		SolutionGuid = {F1F2D008-B7B0-4646-B138-4E9AC22E847B}
	EndGlobalSection
EndGlobal
